{
  "originHash" : "0ed1a20ef167ff6bbd7e233d8316ce8089f144b9619fb921d55eb1b69ffdfd4c",
  "pins" : [
    {
      "identity" : "rive-ios",
      "kind" : "remoteSourceControl",
      "location" : "https://github.com/rive-app/rive-ios",
      "state" : {
        "revision" : "9777dc79658d3e6984e1dc54f8a1510eacd6d4a8",
        "version" : "6.0.4"
      }
    }
  ],
  "version" : 3
}
