// !$*UTF8*$!
{
	archiveVersion = 1;
	classes = {
	};
	objectVersion = 56;
	objects = {

/* Begin PBXBuildFile section */
		620F96132C6A9CA600821C6F /* DashboardView.swift in Sources */ = {isa = PBXBuildFile; fileRef = 620F96122C6A9CA600821C6F /* DashboardView.swift */; };
		620F96152C6A9CB500821C6F /* ChallengeView.swift in Sources */ = {isa = PBXBuildFile; fileRef = 620F96142C6A9CB500821C6F /* ChallengeView.swift */; };
		620F96172C6A9CCA00821C6F /* DashboardViewModel.swift in Sources */ = {isa = PBXBuildFile; fileRef = 620F96162C6A9CCA00821C6F /* DashboardViewModel.swift */; };
		620F96192C6A9D0D00821C6F /* GameView.swift in Sources */ = {isa = PBXBuildFile; fileRef = 620F96182C6A9D0D00821C6F /* GameView.swift */; };
		620F961B2C6A9D1B00821C6F /* SummaryView.swift in Sources */ = {isa = PBXBuildFile; fileRef = 620F961A2C6A9D1B00821C6F /* SummaryView.swift */; };
		620F961D2C6A9D3000821C6F /* GameViewModel.swift in Sources */ = {isa = PBXBuildFile; fileRef = 620F961C2C6A9D3000821C6F /* GameViewModel.swift */; };
		620F961F2C6A9D5600821C6F /* WorkoutDetailView.swift in Sources */ = {isa = PBXBuildFile; fileRef = 620F961E2C6A9D5600821C6F /* WorkoutDetailView.swift */; };
		620F96212C6A9D6900821C6F /* WorkoutViewModel.swift in Sources */ = {isa = PBXBuildFile; fileRef = 620F96202C6A9D6900821C6F /* WorkoutViewModel.swift */; };
		620F96242C6AA44C00821C6F /* NavigationManager.swift in Sources */ = {isa = PBXBuildFile; fileRef = 620F96232C6AA44C00821C6F /* NavigationManager.swift */; };
		620F96262C6AA4C600821C6F /* Router.swift in Sources */ = {isa = PBXBuildFile; fileRef = 620F96252C6AA4C600821C6F /* Router.swift */; };
		620F962A2C6B411C00821C6F /* UIHelper.swift in Sources */ = {isa = PBXBuildFile; fileRef = 620F96292C6B411C00821C6F /* UIHelper.swift */; };
		620F962C2C6B415C00821C6F /* Color.swift in Sources */ = {isa = PBXBuildFile; fileRef = 620F962B2C6B415C00821C6F /* Color.swift */; };
		620F962E2C6B416400821C6F /* Image.swift in Sources */ = {isa = PBXBuildFile; fileRef = 620F962D2C6B416400821C6F /* Image.swift */; };
		620F96322C6BF0D700821C6F /* CameraPreview.swift in Sources */ = {isa = PBXBuildFile; fileRef = 620F96312C6BF0D700821C6F /* CameraPreview.swift */; };
		622BFCBC2C6A72BC001BF7C3 /* PawAndActivesApp.swift in Sources */ = {isa = PBXBuildFile; fileRef = 622BFCBB2C6A72BC001BF7C3 /* PawAndActivesApp.swift */; };
		622BFCBE2C6A72BC001BF7C3 /* ContentView.swift in Sources */ = {isa = PBXBuildFile; fileRef = 622BFCBD2C6A72BC001BF7C3 /* ContentView.swift */; };
		622BFCC22C6A72BD001BF7C3 /* Assets.xcassets in Resources */ = {isa = PBXBuildFile; fileRef = 622BFCC12C6A72BD001BF7C3 /* Assets.xcassets */; };
		622BFCC52C6A72BD001BF7C3 /* Preview Assets.xcassets in Resources */ = {isa = PBXBuildFile; fileRef = 622BFCC42C6A72BD001BF7C3 /* Preview Assets.xcassets */; };
		622BFCDC2C6A8A4A001BF7C3 /* Challenge.swift in Sources */ = {isa = PBXBuildFile; fileRef = 622BFCDB2C6A8A4A001BF7C3 /* Challenge.swift */; };
		622BFCDE2C6A8BF6001BF7C3 /* Joke.swift in Sources */ = {isa = PBXBuildFile; fileRef = 622BFCDD2C6A8BF6001BF7C3 /* Joke.swift */; };
		622BFCE02C6A8C31001BF7C3 /* Session.swift in Sources */ = {isa = PBXBuildFile; fileRef = 622BFCDF2C6A8C31001BF7C3 /* Session.swift */; };
		622BFCE22C6A8C69001BF7C3 /* WorkoutDifficulty.swift in Sources */ = {isa = PBXBuildFile; fileRef = 622BFCE12C6A8C69001BF7C3 /* WorkoutDifficulty.swift */; };
		622BFCE42C6A8C81001BF7C3 /* JokeError.swift in Sources */ = {isa = PBXBuildFile; fileRef = 622BFCE32C6A8C81001BF7C3 /* JokeError.swift */; };
		622BFCE62C6A8C98001BF7C3 /* Score.swift in Sources */ = {isa = PBXBuildFile; fileRef = 622BFCE52C6A8C98001BF7C3 /* Score.swift */; };
		622BFCE82C6A8CA9001BF7C3 /* Level.swift in Sources */ = {isa = PBXBuildFile; fileRef = 622BFCE72C6A8CA9001BF7C3 /* Level.swift */; };
		622BFCEA2C6A8CBC001BF7C3 /* WorkoutType.swift in Sources */ = {isa = PBXBuildFile; fileRef = 622BFCE92C6A8CBC001BF7C3 /* WorkoutType.swift */; };
		622BFCEC2C6A8D14001BF7C3 /* JokeDto.swift in Sources */ = {isa = PBXBuildFile; fileRef = 622BFCEB2C6A8D14001BF7C3 /* JokeDto.swift */; };
		622BFCEE2C6A8D3F001BF7C3 /* ScoreDetail.swift in Sources */ = {isa = PBXBuildFile; fileRef = 622BFCED2C6A8D3F001BF7C3 /* ScoreDetail.swift */; };
		622BFCF02C6A8D55001BF7C3 /* Workout.swift in Sources */ = {isa = PBXBuildFile; fileRef = 622BFCEF2C6A8D55001BF7C3 /* Workout.swift */; };
		622BFCF22C6A8D69001BF7C3 /* VisionHelper.swift in Sources */ = {isa = PBXBuildFile; fileRef = 622BFCF12C6A8D69001BF7C3 /* VisionHelper.swift */; };
		622BFCF42C6A8FDA001BF7C3 /* GameRepositoryService.swift in Sources */ = {isa = PBXBuildFile; fileRef = 622BFCF32C6A8FDA001BF7C3 /* GameRepositoryService.swift */; };
		622BFCF62C6A8FF8001BF7C3 /* GameRepositoryManager.swift in Sources */ = {isa = PBXBuildFile; fileRef = 622BFCF52C6A8FF8001BF7C3 /* GameRepositoryManager.swift */; };
		622BFCF82C6A9009001BF7C3 /* WorkoutRepositoryService.swift in Sources */ = {isa = PBXBuildFile; fileRef = 622BFCF72C6A9009001BF7C3 /* WorkoutRepositoryService.swift */; };
		622BFCFA2C6A9014001BF7C3 /* WorkoutRepositoryManager.swift in Sources */ = {isa = PBXBuildFile; fileRef = 622BFCF92C6A9014001BF7C3 /* WorkoutRepositoryManager.swift */; };
		622BFCFC2C6A9022001BF7C3 /* DashboardRepositoryService.swift in Sources */ = {isa = PBXBuildFile; fileRef = 622BFCFB2C6A9022001BF7C3 /* DashboardRepositoryService.swift */; };
		622BFCFE2C6A902F001BF7C3 /* DashboardRepositoryManager.swift in Sources */ = {isa = PBXBuildFile; fileRef = 622BFCFD2C6A902F001BF7C3 /* DashboardRepositoryManager.swift */; };
		622BFD002C6A904A001BF7C3 /* CameraService.swift in Sources */ = {isa = PBXBuildFile; fileRef = 622BFCFF2C6A904A001BF7C3 /* CameraService.swift */; };
		622BFD022C6A905B001BF7C3 /* CameraManager.swift in Sources */ = {isa = PBXBuildFile; fileRef = 622BFD012C6A905B001BF7C3 /* CameraManager.swift */; };
		622BFD042C6A9067001BF7C3 /* GameService.swift in Sources */ = {isa = PBXBuildFile; fileRef = 622BFD032C6A9067001BF7C3 /* GameService.swift */; };
		622BFD062C6A9071001BF7C3 /* GameManager.swift in Sources */ = {isa = PBXBuildFile; fileRef = 622BFD052C6A9071001BF7C3 /* GameManager.swift */; };
		622BFD082C6A9082001BF7C3 /* VisionService.swift in Sources */ = {isa = PBXBuildFile; fileRef = 622BFD072C6A9082001BF7C3 /* VisionService.swift */; };
		622BFD0A2C6A908D001BF7C3 /* VisionManager.swift in Sources */ = {isa = PBXBuildFile; fileRef = 622BFD092C6A908D001BF7C3 /* VisionManager.swift */; };
		622BFD0D2C6A91B2001BF7C3 /* jokes.json in Resources */ = {isa = PBXBuildFile; fileRef = 622BFD0C2C6A91B2001BF7C3 /* jokes.json */; };
		622BFD0F2C6A91DE001BF7C3 /* JokesGatchaService.swift in Sources */ = {isa = PBXBuildFile; fileRef = 622BFD0E2C6A91DE001BF7C3 /* JokesGatchaService.swift */; };
		622BFD112C6A9212001BF7C3 /* JokesGatchaManager.swift in Sources */ = {isa = PBXBuildFile; fileRef = 622BFD102C6A9212001BF7C3 /* JokesGatchaManager.swift */; };
/* End PBXBuildFile section */

/* Begin PBXFileReference section */
		620F96122C6A9CA600821C6F /* DashboardView.swift */ = {isa = PBXFileReference; lastKnownFileType = sourcecode.swift; path = DashboardView.swift; sourceTree = "<group>"; };
		620F96142C6A9CB500821C6F /* ChallengeView.swift */ = {isa = PBXFileReference; lastKnownFileType = sourcecode.swift; path = ChallengeView.swift; sourceTree = "<group>"; };
		620F96162C6A9CCA00821C6F /* DashboardViewModel.swift */ = {isa = PBXFileReference; lastKnownFileType = sourcecode.swift; path = DashboardViewModel.swift; sourceTree = "<group>"; };
		620F96182C6A9D0D00821C6F /* GameView.swift */ = {isa = PBXFileReference; lastKnownFileType = sourcecode.swift; path = GameView.swift; sourceTree = "<group>"; };
		620F961A2C6A9D1B00821C6F /* SummaryView.swift */ = {isa = PBXFileReference; lastKnownFileType = sourcecode.swift; path = SummaryView.swift; sourceTree = "<group>"; };
		620F961C2C6A9D3000821C6F /* GameViewModel.swift */ = {isa = PBXFileReference; lastKnownFileType = sourcecode.swift; path = GameViewModel.swift; sourceTree = "<group>"; };
		620F961E2C6A9D5600821C6F /* WorkoutDetailView.swift */ = {isa = PBXFileReference; lastKnownFileType = sourcecode.swift; path = WorkoutDetailView.swift; sourceTree = "<group>"; };
		620F96202C6A9D6900821C6F /* WorkoutViewModel.swift */ = {isa = PBXFileReference; lastKnownFileType = sourcecode.swift; path = WorkoutViewModel.swift; sourceTree = "<group>"; };
		620F96232C6AA44C00821C6F /* NavigationManager.swift */ = {isa = PBXFileReference; lastKnownFileType = sourcecode.swift; path = NavigationManager.swift; sourceTree = "<group>"; };
		620F96252C6AA4C600821C6F /* Router.swift */ = {isa = PBXFileReference; lastKnownFileType = sourcecode.swift; path = Router.swift; sourceTree = "<group>"; };
		620F96292C6B411C00821C6F /* UIHelper.swift */ = {isa = PBXFileReference; lastKnownFileType = sourcecode.swift; path = UIHelper.swift; sourceTree = "<group>"; };
		620F962B2C6B415C00821C6F /* Color.swift */ = {isa = PBXFileReference; lastKnownFileType = sourcecode.swift; path = Color.swift; sourceTree = "<group>"; };
		620F962D2C6B416400821C6F /* Image.swift */ = {isa = PBXFileReference; lastKnownFileType = sourcecode.swift; path = Image.swift; sourceTree = "<group>"; };
		620F96312C6BF0D700821C6F /* CameraPreview.swift */ = {isa = PBXFileReference; lastKnownFileType = sourcecode.swift; path = CameraPreview.swift; sourceTree = "<group>"; };
		622BFCB82C6A72BC001BF7C3 /* PawAndActives.app */ = {isa = PBXFileReference; explicitFileType = wrapper.application; includeInIndex = 0; path = PawAndActives.app; sourceTree = BUILT_PRODUCTS_DIR; };
		622BFCBB2C6A72BC001BF7C3 /* PawAndActivesApp.swift */ = {isa = PBXFileReference; lastKnownFileType = sourcecode.swift; path = PawAndActivesApp.swift; sourceTree = "<group>"; };
		622BFCBD2C6A72BC001BF7C3 /* ContentView.swift */ = {isa = PBXFileReference; lastKnownFileType = sourcecode.swift; path = ContentView.swift; sourceTree = "<group>"; };
		622BFCC12C6A72BD001BF7C3 /* Assets.xcassets */ = {isa = PBXFileReference; lastKnownFileType = folder.assetcatalog; path = Assets.xcassets; sourceTree = "<group>"; };
		622BFCC42C6A72BD001BF7C3 /* Preview Assets.xcassets */ = {isa = PBXFileReference; lastKnownFileType = folder.assetcatalog; path = "Preview Assets.xcassets"; sourceTree = "<group>"; };
		622BFCDB2C6A8A4A001BF7C3 /* Challenge.swift */ = {isa = PBXFileReference; lastKnownFileType = sourcecode.swift; path = Challenge.swift; sourceTree = "<group>"; };
		622BFCDD2C6A8BF6001BF7C3 /* Joke.swift */ = {isa = PBXFileReference; lastKnownFileType = sourcecode.swift; path = Joke.swift; sourceTree = "<group>"; };
		622BFCDF2C6A8C31001BF7C3 /* Session.swift */ = {isa = PBXFileReference; lastKnownFileType = sourcecode.swift; path = Session.swift; sourceTree = "<group>"; };
		622BFCE12C6A8C69001BF7C3 /* WorkoutDifficulty.swift */ = {isa = PBXFileReference; lastKnownFileType = sourcecode.swift; path = WorkoutDifficulty.swift; sourceTree = "<group>"; };
		622BFCE32C6A8C81001BF7C3 /* JokeError.swift */ = {isa = PBXFileReference; lastKnownFileType = sourcecode.swift; path = JokeError.swift; sourceTree = "<group>"; };
		622BFCE52C6A8C98001BF7C3 /* Score.swift */ = {isa = PBXFileReference; lastKnownFileType = sourcecode.swift; path = Score.swift; sourceTree = "<group>"; };
		622BFCE72C6A8CA9001BF7C3 /* Level.swift */ = {isa = PBXFileReference; lastKnownFileType = sourcecode.swift; path = Level.swift; sourceTree = "<group>"; };
		622BFCE92C6A8CBC001BF7C3 /* WorkoutType.swift */ = {isa = PBXFileReference; lastKnownFileType = sourcecode.swift; path = WorkoutType.swift; sourceTree = "<group>"; };
		622BFCEB2C6A8D14001BF7C3 /* JokeDto.swift */ = {isa = PBXFileReference; lastKnownFileType = sourcecode.swift; path = JokeDto.swift; sourceTree = "<group>"; };
		622BFCED2C6A8D3F001BF7C3 /* ScoreDetail.swift */ = {isa = PBXFileReference; lastKnownFileType = sourcecode.swift; path = ScoreDetail.swift; sourceTree = "<group>"; };
		622BFCEF2C6A8D55001BF7C3 /* Workout.swift */ = {isa = PBXFileReference; lastKnownFileType = sourcecode.swift; path = Workout.swift; sourceTree = "<group>"; };
		622BFCF12C6A8D69001BF7C3 /* VisionHelper.swift */ = {isa = PBXFileReference; lastKnownFileType = sourcecode.swift; path = VisionHelper.swift; sourceTree = "<group>"; };
		622BFCF32C6A8FDA001BF7C3 /* GameRepositoryService.swift */ = {isa = PBXFileReference; lastKnownFileType = sourcecode.swift; path = GameRepositoryService.swift; sourceTree = "<group>"; };
		622BFCF52C6A8FF8001BF7C3 /* GameRepositoryManager.swift */ = {isa = PBXFileReference; lastKnownFileType = sourcecode.swift; path = GameRepositoryManager.swift; sourceTree = "<group>"; };
		622BFCF72C6A9009001BF7C3 /* WorkoutRepositoryService.swift */ = {isa = PBXFileReference; lastKnownFileType = sourcecode.swift; path = WorkoutRepositoryService.swift; sourceTree = "<group>"; };
		622BFCF92C6A9014001BF7C3 /* WorkoutRepositoryManager.swift */ = {isa = PBXFileReference; lastKnownFileType = sourcecode.swift; path = WorkoutRepositoryManager.swift; sourceTree = "<group>"; };
		622BFCFB2C6A9022001BF7C3 /* DashboardRepositoryService.swift */ = {isa = PBXFileReference; lastKnownFileType = sourcecode.swift; path = DashboardRepositoryService.swift; sourceTree = "<group>"; };
		622BFCFD2C6A902F001BF7C3 /* DashboardRepositoryManager.swift */ = {isa = PBXFileReference; lastKnownFileType = sourcecode.swift; path = DashboardRepositoryManager.swift; sourceTree = "<group>"; };
		622BFCFF2C6A904A001BF7C3 /* CameraService.swift */ = {isa = PBXFileReference; lastKnownFileType = sourcecode.swift; path = CameraService.swift; sourceTree = "<group>"; };
		622BFD012C6A905B001BF7C3 /* CameraManager.swift */ = {isa = PBXFileReference; lastKnownFileType = sourcecode.swift; path = CameraManager.swift; sourceTree = "<group>"; };
		622BFD032C6A9067001BF7C3 /* GameService.swift */ = {isa = PBXFileReference; lastKnownFileType = sourcecode.swift; path = GameService.swift; sourceTree = "<group>"; };
		622BFD052C6A9071001BF7C3 /* GameManager.swift */ = {isa = PBXFileReference; lastKnownFileType = sourcecode.swift; path = GameManager.swift; sourceTree = "<group>"; };
		622BFD072C6A9082001BF7C3 /* VisionService.swift */ = {isa = PBXFileReference; lastKnownFileType = sourcecode.swift; path = VisionService.swift; sourceTree = "<group>"; };
		622BFD092C6A908D001BF7C3 /* VisionManager.swift */ = {isa = PBXFileReference; lastKnownFileType = sourcecode.swift; path = VisionManager.swift; sourceTree = "<group>"; };
		622BFD0C2C6A91B2001BF7C3 /* jokes.json */ = {isa = PBXFileReference; fileEncoding = 4; lastKnownFileType = text.json; name = jokes.json; path = ../../../../pawandactive/PawAndActive/Manager/JokesGatcha/jokes.json; sourceTree = "<group>"; };
		622BFD0E2C6A91DE001BF7C3 /* JokesGatchaService.swift */ = {isa = PBXFileReference; lastKnownFileType = sourcecode.swift; path = JokesGatchaService.swift; sourceTree = "<group>"; };
		622BFD102C6A9212001BF7C3 /* JokesGatchaManager.swift */ = {isa = PBXFileReference; lastKnownFileType = sourcecode.swift; path = JokesGatchaManager.swift; sourceTree = "<group>"; };
/* End PBXFileReference section */

/* Begin PBXFrameworksBuildPhase section */
		622BFCB52C6A72BC001BF7C3 /* Frameworks */ = {
			isa = PBXFrameworksBuildPhase;
			buildActionMask = 2147483647;
			files = (
			);
			runOnlyForDeploymentPostprocessing = 0;
		};
/* End PBXFrameworksBuildPhase section */

/* Begin PBXGroup section */
		620F96222C6AA40200821C6F /* Route */ = {
			isa = PBXGroup;
			children = (
				620F96232C6AA44C00821C6F /* NavigationManager.swift */,
				620F96252C6AA4C600821C6F /* Router.swift */,
			);
			path = Route;
			sourceTree = "<group>";
		};
		620F96272C6B40FC00821C6F /* Util */ = {
			isa = PBXGroup;
			children = (
				622BFCF12C6A8D69001BF7C3 /* VisionHelper.swift */,
				620F96292C6B411C00821C6F /* UIHelper.swift */,
			);
			path = Util;
			sourceTree = "<group>";
		};
		620F96282C6B410500821C6F /* Extension */ = {
			isa = PBXGroup;
			children = (
				620F962B2C6B415C00821C6F /* Color.swift */,
				620F962D2C6B416400821C6F /* Image.swift */,
			);
			path = Extension;
			sourceTree = "<group>";
		};
		622BFCAF2C6A72BC001BF7C3 = {
			isa = PBXGroup;
			children = (
				622BFCBA2C6A72BC001BF7C3 /* PawAndActives */,
				622BFCB92C6A72BC001BF7C3 /* Products */,
			);
			sourceTree = "<group>";
		};
		622BFCB92C6A72BC001BF7C3 /* Products */ = {
			isa = PBXGroup;
			children = (
				622BFCB82C6A72BC001BF7C3 /* PawAndActives.app */,
			);
			name = Products;
			sourceTree = "<group>";
		};
		622BFCBA2C6A72BC001BF7C3 /* PawAndActives */ = {
			isa = PBXGroup;
			children = (
				622BFCCC2C6A863C001BF7C3 /* Data */,
				622BFCD02C6A871A001BF7C3 /* Helper */,
				622BFCD12C6A8725001BF7C3 /* Manager */,
				622BFCD62C6A8859001BF7C3 /* UI */,
				620F96222C6AA40200821C6F /* Route */,
				622BFCBB2C6A72BC001BF7C3 /* PawAndActivesApp.swift */,
				622BFCBD2C6A72BC001BF7C3 /* ContentView.swift */,
				622BFCC12C6A72BD001BF7C3 /* Assets.xcassets */,
				622BFCC32C6A72BD001BF7C3 /* Preview Content */,
			);
			path = PawAndActives;
			sourceTree = "<group>";
		};
		622BFCC32C6A72BD001BF7C3 /* Preview Content */ = {
			isa = PBXGroup;
			children = (
				622BFCC42C6A72BD001BF7C3 /* Preview Assets.xcassets */,
			);
			path = "Preview Content";
			sourceTree = "<group>";
		};
		622BFCCC2C6A863C001BF7C3 /* Data */ = {
			isa = PBXGroup;
			children = (
				622BFCCD2C6A8646001BF7C3 /* Entity */,
				622BFCCE2C6A864D001BF7C3 /* Enum */,
				622BFCCF2C6A8701001BF7C3 /* Model */,
			);
			path = Data;
			sourceTree = "<group>";
		};
		622BFCCD2C6A8646001BF7C3 /* Entity */ = {
			isa = PBXGroup;
			children = (
				622BFCDB2C6A8A4A001BF7C3 /* Challenge.swift */,
				622BFCDD2C6A8BF6001BF7C3 /* Joke.swift */,
				622BFCDF2C6A8C31001BF7C3 /* Session.swift */,
				622BFCE12C6A8C69001BF7C3 /* WorkoutDifficulty.swift */,
			);
			path = Entity;
			sourceTree = "<group>";
		};
		622BFCCE2C6A864D001BF7C3 /* Enum */ = {
			isa = PBXGroup;
			children = (
				622BFCE32C6A8C81001BF7C3 /* JokeError.swift */,
				622BFCE52C6A8C98001BF7C3 /* Score.swift */,
				622BFCE72C6A8CA9001BF7C3 /* Level.swift */,
				622BFCE92C6A8CBC001BF7C3 /* WorkoutType.swift */,
			);
			path = Enum;
			sourceTree = "<group>";
		};
		622BFCCF2C6A8701001BF7C3 /* Model */ = {
			isa = PBXGroup;
			children = (
				622BFCEB2C6A8D14001BF7C3 /* JokeDto.swift */,
				622BFCED2C6A8D3F001BF7C3 /* ScoreDetail.swift */,
				622BFCEF2C6A8D55001BF7C3 /* Workout.swift */,
			);
			path = Model;
			sourceTree = "<group>";
		};
		622BFCD02C6A871A001BF7C3 /* Helper */ = {
			isa = PBXGroup;
			children = (
				620F96282C6B410500821C6F /* Extension */,
				620F96272C6B40FC00821C6F /* Util */,
			);
			path = Helper;
			sourceTree = "<group>";
		};
		622BFCD12C6A8725001BF7C3 /* Manager */ = {
			isa = PBXGroup;
			children = (
				622BFCD52C6A884C001BF7C3 /* Repository */,
				622BFCD42C6A8845001BF7C3 /* Camera */,
				622BFCD32C6A87CC001BF7C3 /* Game */,
				622BFCD22C6A87BD001BF7C3 /* Vision */,
				622BFD0B2C6A909B001BF7C3 /* JokesGatcha */,
			);
			path = Manager;
			sourceTree = "<group>";
		};
		622BFCD22C6A87BD001BF7C3 /* Vision */ = {
			isa = PBXGroup;
			children = (
				622BFD072C6A9082001BF7C3 /* VisionService.swift */,
				622BFD092C6A908D001BF7C3 /* VisionManager.swift */,
			);
			path = Vision;
			sourceTree = "<group>";
		};
		622BFCD32C6A87CC001BF7C3 /* Game */ = {
			isa = PBXGroup;
			children = (
				622BFD032C6A9067001BF7C3 /* GameService.swift */,
				622BFD052C6A9071001BF7C3 /* GameManager.swift */,
			);
			path = Game;
			sourceTree = "<group>";
		};
		622BFCD42C6A8845001BF7C3 /* Camera */ = {
			isa = PBXGroup;
			children = (
				622BFCFF2C6A904A001BF7C3 /* CameraService.swift */,
				622BFD012C6A905B001BF7C3 /* CameraManager.swift */,
			);
			path = Camera;
			sourceTree = "<group>";
		};
		622BFCD52C6A884C001BF7C3 /* Repository */ = {
			isa = PBXGroup;
			children = (
				622BFCF32C6A8FDA001BF7C3 /* GameRepositoryService.swift */,
				622BFCF52C6A8FF8001BF7C3 /* GameRepositoryManager.swift */,
				622BFCF72C6A9009001BF7C3 /* WorkoutRepositoryService.swift */,
				622BFCF92C6A9014001BF7C3 /* WorkoutRepositoryManager.swift */,
				622BFCFB2C6A9022001BF7C3 /* DashboardRepositoryService.swift */,
				622BFCFD2C6A902F001BF7C3 /* DashboardRepositoryManager.swift */,
			);
			path = Repository;
			sourceTree = "<group>";
		};
		622BFCD62C6A8859001BF7C3 /* UI */ = {
			isa = PBXGroup;
			children = (
				622BFCDA2C6A88B0001BF7C3 /* Dashboard */,
				622BFCD92C6A88A7001BF7C3 /* Game */,
				622BFCD82C6A8895001BF7C3 /* Workout */,
			);
			path = UI;
			sourceTree = "<group>";
		};
		622BFCD82C6A8895001BF7C3 /* Workout */ = {
			isa = PBXGroup;
			children = (
				620F961E2C6A9D5600821C6F /* WorkoutDetailView.swift */,
				620F96202C6A9D6900821C6F /* WorkoutViewModel.swift */,
			);
			path = Workout;
			sourceTree = "<group>";
		};
		622BFCD92C6A88A7001BF7C3 /* Game */ = {
			isa = PBXGroup;
			children = (
				620F96182C6A9D0D00821C6F /* GameView.swift */,
				620F961A2C6A9D1B00821C6F /* SummaryView.swift */,
				620F961C2C6A9D3000821C6F /* GameViewModel.swift */,
				620F96312C6BF0D700821C6F /* CameraPreview.swift */,
			);
			path = Game;
			sourceTree = "<group>";
		};
		622BFCDA2C6A88B0001BF7C3 /* Dashboard */ = {
			isa = PBXGroup;
			children = (
				620F96122C6A9CA600821C6F /* DashboardView.swift */,
				620F96142C6A9CB500821C6F /* ChallengeView.swift */,
				620F96162C6A9CCA00821C6F /* DashboardViewModel.swift */,
			);
			path = Dashboard;
			sourceTree = "<group>";
		};
		622BFD0B2C6A909B001BF7C3 /* JokesGatcha */ = {
			isa = PBXGroup;
			children = (
				622BFD0C2C6A91B2001BF7C3 /* jokes.json */,
				622BFD0E2C6A91DE001BF7C3 /* JokesGatchaService.swift */,
				622BFD102C6A9212001BF7C3 /* JokesGatchaManager.swift */,
			);
			path = JokesGatcha;
			sourceTree = "<group>";
		};
/* End PBXGroup section */

/* Begin PBXNativeTarget section */
		622BFCB72C6A72BC001BF7C3 /* PawAndActives */ = {
			isa = PBXNativeTarget;
			buildConfigurationList = 622BFCC82C6A72BD001BF7C3 /* Build configuration list for PBXNativeTarget "PawAndActives" */;
			buildPhases = (
				622BFCB42C6A72BC001BF7C3 /* Sources */,
				622BFCB52C6A72BC001BF7C3 /* Frameworks */,
				622BFCB62C6A72BC001BF7C3 /* Resources */,
			);
			buildRules = (
			);
			dependencies = (
			);
			name = PawAndActives;
			productName = PawAndActives;
			productReference = 622BFCB82C6A72BC001BF7C3 /* PawAndActives.app */;
			productType = "com.apple.product-type.application";
		};
/* End PBXNativeTarget section */

/* Begin PBXProject section */
		622BFCB02C6A72BC001BF7C3 /* Project object */ = {
			isa = PBXProject;
			attributes = {
				BuildIndependentTargetsInParallel = 1;
				LastSwiftUpdateCheck = 1540;
				LastUpgradeCheck = 1540;
				TargetAttributes = {
					622BFCB72C6A72BC001BF7C3 = {
						CreatedOnToolsVersion = 15.4;
					};
				};
			};
			buildConfigurationList = 622BFCB32C6A72BC001BF7C3 /* Build configuration list for PBXProject "PawAndActives" */;
			compatibilityVersion = "Xcode 14.0";
			developmentRegion = en;
			hasScannedForEncodings = 0;
			knownRegions = (
				en,
				Base,
			);
			mainGroup = 622BFCAF2C6A72BC001BF7C3;
			productRefGroup = 622BFCB92C6A72BC001BF7C3 /* Products */;
			projectDirPath = "";
			projectRoot = "";
			targets = (
				622BFCB72C6A72BC001BF7C3 /* PawAndActives */,
			);
		};
/* End PBXProject section */

/* Begin PBXResourcesBuildPhase section */
		622BFCB62C6A72BC001BF7C3 /* Resources */ = {
			isa = PBXResourcesBuildPhase;
			buildActionMask = 2147483647;
			files = (
				622BFD0D2C6A91B2001BF7C3 /* jokes.json in Resources */,
				622BFCC52C6A72BD001BF7C3 /* Preview Assets.xcassets in Resources */,
				622BFCC22C6A72BD001BF7C3 /* Assets.xcassets in Resources */,
			);
			runOnlyForDeploymentPostprocessing = 0;
		};
/* End PBXResourcesBuildPhase section */

/* Begin PBXSourcesBuildPhase section */
		622BFCB42C6A72BC001BF7C3 /* Sources */ = {
			isa = PBXSourcesBuildPhase;
			buildActionMask = 2147483647;
			files = (
				620F96242C6AA44C00821C6F /* NavigationManager.swift in Sources */,
				622BFCE22C6A8C69001BF7C3 /* WorkoutDifficulty.swift in Sources */,
				620F961F2C6A9D5600821C6F /* WorkoutDetailView.swift in Sources */,
				620F96322C6BF0D700821C6F /* CameraPreview.swift in Sources */,
				622BFD0A2C6A908D001BF7C3 /* VisionManager.swift in Sources */,
				622BFD062C6A9071001BF7C3 /* GameManager.swift in Sources */,
				622BFCF22C6A8D69001BF7C3 /* VisionHelper.swift in Sources */,
				620F96262C6AA4C600821C6F /* Router.swift in Sources */,
				620F962A2C6B411C00821C6F /* UIHelper.swift in Sources */,
				622BFCE02C6A8C31001BF7C3 /* Session.swift in Sources */,
				622BFCE62C6A8C98001BF7C3 /* Score.swift in Sources */,
				622BFCF02C6A8D55001BF7C3 /* Workout.swift in Sources */,
				622BFCF82C6A9009001BF7C3 /* WorkoutRepositoryService.swift in Sources */,
				620F962E2C6B416400821C6F /* Image.swift in Sources */,
				620F96152C6A9CB500821C6F /* ChallengeView.swift in Sources */,
				620F962C2C6B415C00821C6F /* Color.swift in Sources */,
				622BFCFC2C6A9022001BF7C3 /* DashboardRepositoryService.swift in Sources */,
				622BFCF42C6A8FDA001BF7C3 /* GameRepositoryService.swift in Sources */,
				622BFCFA2C6A9014001BF7C3 /* WorkoutRepositoryManager.swift in Sources */,
				622BFCEA2C6A8CBC001BF7C3 /* WorkoutType.swift in Sources */,
				620F96172C6A9CCA00821C6F /* DashboardViewModel.swift in Sources */,
				622BFD022C6A905B001BF7C3 /* CameraManager.swift in Sources */,
				622BFCE82C6A8CA9001BF7C3 /* Level.swift in Sources */,
				622BFD042C6A9067001BF7C3 /* GameService.swift in Sources */,
				622BFD082C6A9082001BF7C3 /* VisionService.swift in Sources */,
				622BFCEC2C6A8D14001BF7C3 /* JokeDto.swift in Sources */,
				622BFCFE2C6A902F001BF7C3 /* DashboardRepositoryManager.swift in Sources */,
				622BFD112C6A9212001BF7C3 /* JokesGatchaManager.swift in Sources */,
				622BFCBE2C6A72BC001BF7C3 /* ContentView.swift in Sources */,
				622BFCEE2C6A8D3F001BF7C3 /* ScoreDetail.swift in Sources */,
				622BFCF62C6A8FF8001BF7C3 /* GameRepositoryManager.swift in Sources */,
				620F961D2C6A9D3000821C6F /* GameViewModel.swift in Sources */,
				622BFCDC2C6A8A4A001BF7C3 /* Challenge.swift in Sources */,
				622BFCE42C6A8C81001BF7C3 /* JokeError.swift in Sources */,
				620F96212C6A9D6900821C6F /* WorkoutViewModel.swift in Sources */,
				622BFCDE2C6A8BF6001BF7C3 /* Joke.swift in Sources */,
				620F96132C6A9CA600821C6F /* DashboardView.swift in Sources */,
				622BFCBC2C6A72BC001BF7C3 /* PawAndActivesApp.swift in Sources */,
				622BFD0F2C6A91DE001BF7C3 /* JokesGatchaService.swift in Sources */,
				620F96192C6A9D0D00821C6F /* GameView.swift in Sources */,
				622BFD002C6A904A001BF7C3 /* CameraService.swift in Sources */,
				620F961B2C6A9D1B00821C6F /* SummaryView.swift in Sources */,
			);
			runOnlyForDeploymentPostprocessing = 0;
		};
/* End PBXSourcesBuildPhase section */

/* Begin XCBuildConfiguration section */
		622BFCC62C6A72BD001BF7C3 /* Debug */ = {
			isa = XCBuildConfiguration;
			buildSettings = {
				ALWAYS_SEARCH_USER_PATHS = NO;
				ASSETCATALOG_COMPILER_GENERATE_SWIFT_ASSET_SYMBOL_EXTENSIONS = YES;
				CLANG_ANALYZER_NONNULL = YES;
				CLANG_ANALYZER_NUMBER_OBJECT_CONVERSION = YES_AGGRESSIVE;
				CLANG_CXX_LANGUAGE_STANDARD = "gnu++20";
				CLANG_ENABLE_MODULES = YES;
				CLANG_ENABLE_OBJC_ARC = YES;
				CLANG_ENABLE_OBJC_WEAK = YES;
				CLANG_WARN_BLOCK_CAPTURE_AUTORELEASING = YES;
				CLANG_WARN_BOOL_CONVERSION = YES;
				CLANG_WARN_COMMA = YES;
				CLANG_WARN_CONSTANT_CONVERSION = YES;
				CLANG_WARN_DEPRECATED_OBJC_IMPLEMENTATIONS = YES;
				CLANG_WARN_DIRECT_OBJC_ISA_USAGE = YES_ERROR;
				CLANG_WARN_DOCUMENTATION_COMMENTS = YES;
				CLANG_WARN_EMPTY_BODY = YES;
				CLANG_WARN_ENUM_CONVERSION = YES;
				CLANG_WARN_INFINITE_RECURSION = YES;
				CLANG_WARN_INT_CONVERSION = YES;
				CLANG_WARN_NON_LITERAL_NULL_CONVERSION = YES;
				CLANG_WARN_OBJC_IMPLICIT_RETAIN_SELF = YES;
				CLANG_WARN_OBJC_LITERAL_CONVERSION = YES;
				CLANG_WARN_OBJC_ROOT_CLASS = YES_ERROR;
				CLANG_WARN_QUOTED_INCLUDE_IN_FRAMEWORK_HEADER = YES;
				CLANG_WARN_RANGE_LOOP_ANALYSIS = YES;
				CLANG_WARN_STRICT_PROTOTYPES = YES;
				CLANG_WARN_SUSPICIOUS_MOVE = YES;
				CLANG_WARN_UNGUARDED_AVAILABILITY = YES_AGGRESSIVE;
				CLANG_WARN_UNREACHABLE_CODE = YES;
				CLANG_WARN__DUPLICATE_METHOD_MATCH = YES;
				COPY_PHASE_STRIP = NO;
				DEBUG_INFORMATION_FORMAT = dwarf;
				ENABLE_STRICT_OBJC_MSGSEND = YES;
				ENABLE_TESTABILITY = YES;
				ENABLE_USER_SCRIPT_SANDBOXING = YES;
				GCC_C_LANGUAGE_STANDARD = gnu17;
				GCC_DYNAMIC_NO_PIC = NO;
				GCC_NO_COMMON_BLOCKS = YES;
				GCC_OPTIMIZATION_LEVEL = 0;
				GCC_PREPROCESSOR_DEFINITIONS = (
					"DEBUG=1",
					"$(inherited)",
				);
				GCC_WARN_64_TO_32_BIT_CONVERSION = YES;
				GCC_WARN_ABOUT_RETURN_TYPE = YES_ERROR;
				GCC_WARN_UNDECLARED_SELECTOR = YES;
				GCC_WARN_UNINITIALIZED_AUTOS = YES_AGGRESSIVE;
				GCC_WARN_UNUSED_FUNCTION = YES;
				GCC_WARN_UNUSED_VARIABLE = YES;
				IPHONEOS_DEPLOYMENT_TARGET = 17.5;
				LOCALIZATION_PREFERS_STRING_CATALOGS = YES;
				MTL_ENABLE_DEBUG_INFO = INCLUDE_SOURCE;
				MTL_FAST_MATH = YES;
				ONLY_ACTIVE_ARCH = YES;
				SDKROOT = iphoneos;
				SWIFT_ACTIVE_COMPILATION_CONDITIONS = "DEBUG $(inherited)";
				SWIFT_OPTIMIZATION_LEVEL = "-Onone";
			};
			name = Debug;
		};
		622BFCC72C6A72BD001BF7C3 /* Release */ = {
			isa = XCBuildConfiguration;
			buildSettings = {
				ALWAYS_SEARCH_USER_PATHS = NO;
				ASSETCATALOG_COMPILER_GENERATE_SWIFT_ASSET_SYMBOL_EXTENSIONS = YES;
				CLANG_ANALYZER_NONNULL = YES;
				CLANG_ANALYZER_NUMBER_OBJECT_CONVERSION = YES_AGGRESSIVE;
				CLANG_CXX_LANGUAGE_STANDARD = "gnu++20";
				CLANG_ENABLE_MODULES = YES;
				CLANG_ENABLE_OBJC_ARC = YES;
				CLANG_ENABLE_OBJC_WEAK = YES;
				CLANG_WARN_BLOCK_CAPTURE_AUTORELEASING = YES;
				CLANG_WARN_BOOL_CONVERSION = YES;
				CLANG_WARN_COMMA = YES;
				CLANG_WARN_CONSTANT_CONVERSION = YES;
				CLANG_WARN_DEPRECATED_OBJC_IMPLEMENTATIONS = YES;
				CLANG_WARN_DIRECT_OBJC_ISA_USAGE = YES_ERROR;
				CLANG_WARN_DOCUMENTATION_COMMENTS = YES;
				CLANG_WARN_EMPTY_BODY = YES;
				CLANG_WARN_ENUM_CONVERSION = YES;
				CLANG_WARN_INFINITE_RECURSION = YES;
				CLANG_WARN_INT_CONVERSION = YES;
				CLANG_WARN_NON_LITERAL_NULL_CONVERSION = YES;
				CLANG_WARN_OBJC_IMPLICIT_RETAIN_SELF = YES;
				CLANG_WARN_OBJC_LITERAL_CONVERSION = YES;
				CLANG_WARN_OBJC_ROOT_CLASS = YES_ERROR;
				CLANG_WARN_QUOTED_INCLUDE_IN_FRAMEWORK_HEADER = YES;
				CLANG_WARN_RANGE_LOOP_ANALYSIS = YES;
				CLANG_WARN_STRICT_PROTOTYPES = YES;
				CLANG_WARN_SUSPICIOUS_MOVE = YES;
				CLANG_WARN_UNGUARDED_AVAILABILITY = YES_AGGRESSIVE;
				CLANG_WARN_UNREACHABLE_CODE = YES;
				CLANG_WARN__DUPLICATE_METHOD_MATCH = YES;
				COPY_PHASE_STRIP = NO;
				DEBUG_INFORMATION_FORMAT = "dwarf-with-dsym";
				ENABLE_NS_ASSERTIONS = NO;
				ENABLE_STRICT_OBJC_MSGSEND = YES;
				ENABLE_USER_SCRIPT_SANDBOXING = YES;
				GCC_C_LANGUAGE_STANDARD = gnu17;
				GCC_NO_COMMON_BLOCKS = YES;
				GCC_WARN_64_TO_32_BIT_CONVERSION = YES;
				GCC_WARN_ABOUT_RETURN_TYPE = YES_ERROR;
				GCC_WARN_UNDECLARED_SELECTOR = YES;
				GCC_WARN_UNINITIALIZED_AUTOS = YES_AGGRESSIVE;
				GCC_WARN_UNUSED_FUNCTION = YES;
				GCC_WARN_UNUSED_VARIABLE = YES;
				IPHONEOS_DEPLOYMENT_TARGET = 17.5;
				LOCALIZATION_PREFERS_STRING_CATALOGS = YES;
				MTL_ENABLE_DEBUG_INFO = NO;
				MTL_FAST_MATH = YES;
				SDKROOT = iphoneos;
				SWIFT_COMPILATION_MODE = wholemodule;
				VALIDATE_PRODUCT = YES;
			};
			name = Release;
		};
		622BFCC92C6A72BD001BF7C3 /* Debug */ = {
			isa = XCBuildConfiguration;
			buildSettings = {
				ASSETCATALOG_COMPILER_APPICON_NAME = AppIcon;
				ASSETCATALOG_COMPILER_GLOBAL_ACCENT_COLOR_NAME = AccentColor;
				CODE_SIGN_STYLE = Automatic;
				CURRENT_PROJECT_VERSION = 1;
				DEVELOPMENT_ASSET_PATHS = "\"PawAndActives/Preview Content\"";
				DEVELOPMENT_TEAM = WTU6YK528U;
				ENABLE_PREVIEWS = YES;
				GENERATE_INFOPLIST_FILE = YES;
				INFOPLIST_KEY_NSCameraUsageDescription = "We need access to the camera to detect and track your hand movements.";
				INFOPLIST_KEY_UIApplicationSceneManifest_Generation = YES;
				INFOPLIST_KEY_UIApplicationSupportsIndirectInputEvents = YES;
				INFOPLIST_KEY_UILaunchScreen_Generation = YES;
				INFOPLIST_KEY_UISupportedInterfaceOrientations = "UIInterfaceOrientationLandscapeLeft UIInterfaceOrientationLandscapeRight";
				LD_RUNPATH_SEARCH_PATHS = (
					"$(inherited)",
					"@executable_path/Frameworks",
				);
				MARKETING_VERSION = 1.0;
				PRODUCT_BUNDLE_IDENTIFIER = anakbarutua.PawAndActives;
				PRODUCT_NAME = "$(TARGET_NAME)";
				SWIFT_EMIT_LOC_STRINGS = YES;
				SWIFT_VERSION = 5.0;
				TARGETED_DEVICE_FAMILY = "1,2";
			};
			name = Debug;
		};
		622BFCCA2C6A72BD001BF7C3 /* Release */ = {
			isa = XCBuildConfiguration;
			buildSettings = {
				ASSETCATALOG_COMPILER_APPICON_NAME = AppIcon;
				ASSETCATALOG_COMPILER_GLOBAL_ACCENT_COLOR_NAME = AccentColor;
				CODE_SIGN_STYLE = Automatic;
				CURRENT_PROJECT_VERSION = 1;
				DEVELOPMENT_ASSET_PATHS = "\"PawAndActives/Preview Content\"";
				DEVELOPMENT_TEAM = WTU6YK528U;
				ENABLE_PREVIEWS = YES;
				GENERATE_INFOPLIST_FILE = YES;
				INFOPLIST_KEY_NSCameraUsageDescription = "We need access to the camera to detect and track your hand movements.";
				INFOPLIST_KEY_UIApplicationSceneManifest_Generation = YES;
				INFOPLIST_KEY_UIApplicationSupportsIndirectInputEvents = YES;
				INFOPLIST_KEY_UILaunchScreen_Generation = YES;
				INFOPLIST_KEY_UISupportedInterfaceOrientations = "UIInterfaceOrientationLandscapeLeft UIInterfaceOrientationLandscapeRight";
				LD_RUNPATH_SEARCH_PATHS = (
					"$(inherited)",
					"@executable_path/Frameworks",
				);
				MARKETING_VERSION = 1.0;
				PRODUCT_BUNDLE_IDENTIFIER = anakbarutua.PawAndActives;
				PRODUCT_NAME = "$(TARGET_NAME)";
				SWIFT_EMIT_LOC_STRINGS = YES;
				SWIFT_VERSION = 5.0;
				TARGETED_DEVICE_FAMILY = "1,2";
			};
			name = Release;
		};
/* End XCBuildConfiguration section */

/* Begin XCConfigurationList section */
		622BFCB32C6A72BC001BF7C3 /* Build configuration list for PBXProject "PawAndActives" */ = {
			isa = XCConfigurationList;
			buildConfigurations = (
				622BFCC62C6A72BD001BF7C3 /* Debug */,
				622BFCC72C6A72BD001BF7C3 /* Release */,
			);
			defaultConfigurationIsVisible = 0;
			defaultConfigurationName = Release;
		};
		622BFCC82C6A72BD001BF7C3 /* Build configuration list for PBXNativeTarget "PawAndActives" */ = {
			isa = XCConfigurationList;
			buildConfigurations = (
				622BFCC92C6A72BD001BF7C3 /* Debug */,
				622BFCCA2C6A72BD001BF7C3 /* Release */,
			);
			defaultConfigurationIsVisible = 0;
			defaultConfigurationName = Release;
		};
/* End XCConfigurationList section */
	};
	rootObject = 622BFCB02C6A72BC001BF7C3 /* Project object */;
}
